// !$*UTF8*$!
{
	archiveVersion = 1;
	classes = {
	};
	objectVersion = 46;
	objects = {

/* Begin PBXBuildFile section */
		CC4401441F02367B00DFAF46 /* GirlInfoViewController.m in Sources */ = {isa = PBXBuildFile; fileRef = CC4401431F02367B00DFAF46 /* GirlInfoViewController.m */; };
		CC4401481F02463600DFAF46 /* UIButton+ImageTitleStyle.m in Sources */ = {isa = PBXBuildFile; fileRef = CC4401471F02463600DFAF46 /* UIButton+ImageTitleStyle.m */; };
		CC62811C1F0204D100F31933 /* main.m in Sources */ = {isa = PBXBuildFile; fileRef = CC62811B1F0204D100F31933 /* main.m */; };
		CC6281251F0204D100F31933 /* Main.storyboard in Resources */ = {isa = PBXBuildFile; fileRef = CC6281231F0204D100F31933 /* Main.storyboard */; };
		CC6281271F0204D100F31933 /* Assets.xcassets in Resources */ = {isa = PBXBuildFile; fileRef = CC6281261F0204D100F31933 /* Assets.xcassets */; };
		CC62812A1F0204D100F31933 /* LaunchScreen.storyboard in Resources */ = {isa = PBXBuildFile; fileRef = CC6281281F0204D100F31933 /* LaunchScreen.storyboard */; };
		CC6281351F0204D100F31933 /* MeiZiTests.m in Sources */ = {isa = PBXBuildFile; fileRef = CC6281341F0204D100F31933 /* MeiZiTests.m */; };
		CC6281401F0204D100F31933 /* MeiZiUITests.m in Sources */ = {isa = PBXBuildFile; fileRef = CC62813F1F0204D100F31933 /* MeiZiUITests.m */; };
		CC6281551F02056800F31933 /* AppDelegate.m in Sources */ = {isa = PBXBuildFile; fileRef = CC6281541F02056800F31933 /* AppDelegate.m */; };
		CC62815C1F0205AC00F31933 /* AFNetHelper.m in Sources */ = {isa = PBXBuildFile; fileRef = CC6281571F0205AC00F31933 /* AFNetHelper.m */; };
		CC62815D1F0205AC00F31933 /* Controller.plist in Resources */ = {isa = PBXBuildFile; fileRef = CC6281581F0205AC00F31933 /* Controller.plist */; };
		CC62815E1F0205AC00F31933 /* RootViewController.m in Sources */ = {isa = PBXBuildFile; fileRef = CC62815B1F0205AC00F31933 /* RootViewController.m */; };
		CC6281611F02069100F31933 /* BaseViewController.m in Sources */ = {isa = PBXBuildFile; fileRef = CC6281601F02069100F31933 /* BaseViewController.m */; };
		CC6281641F0206A800F31933 /* HomeViewController.m in Sources */ = {isa = PBXBuildFile; fileRef = CC6281631F0206A800F31933 /* HomeViewController.m */; };
		CC6281671F0206BD00F31933 /* ClassifyViewController.m in Sources */ = {isa = PBXBuildFile; fileRef = CC6281661F0206BD00F31933 /* ClassifyViewController.m */; };
		CC62816A1F0206CD00F31933 /* MyViewController.m in Sources */ = {isa = PBXBuildFile; fileRef = CC6281691F0206CD00F31933 /* MyViewController.m */; };
		CC6281711F020AAF00F31933 /* BaseModel.m in Sources */ = {isa = PBXBuildFile; fileRef = CC6281701F020AAF00F31933 /* BaseModel.m */; };
		CC6281741F020AC500F31933 /* HomeModel.m in Sources */ = {isa = PBXBuildFile; fileRef = CC6281731F020AC500F31933 /* HomeModel.m */; };
		CC6281781F022CF800F31933 /* HomeCell.m in Sources */ = {isa = PBXBuildFile; fileRef = CC6281761F022CF800F31933 /* HomeCell.m */; };
		CC6281791F022CF800F31933 /* HomeCell.xib in Resources */ = {isa = PBXBuildFile; fileRef = CC6281771F022CF800F31933 /* HomeCell.xib */; };
		CC7E1B511F03501800B1B155 /* LSGraintCircleLayer.m in Sources */ = {isa = PBXBuildFile; fileRef = CC7E1B4E1F03501800B1B155 /* LSGraintCircleLayer.m */; };
		CC7E1B521F03501800B1B155 /* LSProgressHUD.m in Sources */ = {isa = PBXBuildFile; fileRef = CC7E1B501F03501800B1B155 /* LSProgressHUD.m */; };
		CCB843FAD0609348A02C36E8 /* libPods-MeiZi.a in Frameworks */ = {isa = PBXBuildFile; fileRef = 47E2615D75DE178E41A172BA /* libPods-MeiZi.a */; };
/* End PBXBuildFile section */

/* Begin PBXContainerItemProxy section */
		CC6281311F0204D100F31933 /* PBXContainerItemProxy */ = {
			isa = PBXContainerItemProxy;
			containerPortal = CC62810F1F0204D000F31933 /* Project object */;
			proxyType = 1;
			remoteGlobalIDString = CC6281161F0204D000F31933;
			remoteInfo = MeiZi;
		};
		CC62813C1F0204D100F31933 /* PBXContainerItemProxy */ = {
			isa = PBXContainerItemProxy;
			containerPortal = CC62810F1F0204D000F31933 /* Project object */;
			proxyType = 1;
			remoteGlobalIDString = CC6281161F0204D000F31933;
			remoteInfo = MeiZi;
		};
/* End PBXContainerItemProxy section */

/* Begin PBXFileReference section */
		35D955891450D41B417BD729 /* Pods-MeiZi.release.xcconfig */ = {isa = PBXFileReference; includeInIndex = 1; lastKnownFileType = text.xcconfig; name = "Pods-MeiZi.release.xcconfig"; path = "Pods/Target Support Files/Pods-MeiZi/Pods-MeiZi.release.xcconfig"; sourceTree = "<group>"; };
		3E291A2155DDBEC062090989 /* Pods-MeiZi.debug.xcconfig */ = {isa = PBXFileReference; includeInIndex = 1; lastKnownFileType = text.xcconfig; name = "Pods-MeiZi.debug.xcconfig"; path = "Pods/Target Support Files/Pods-MeiZi/Pods-MeiZi.debug.xcconfig"; sourceTree = "<group>"; };
		47E2615D75DE178E41A172BA /* libPods-MeiZi.a */ = {isa = PBXFileReference; explicitFileType = archive.ar; includeInIndex = 0; path = "libPods-MeiZi.a"; sourceTree = BUILT_PRODUCTS_DIR; };
		CC4401421F02367B00DFAF46 /* GirlInfoViewController.h */ = {isa = PBXFileReference; fileEncoding = 4; lastKnownFileType = sourcecode.c.h; path = GirlInfoViewController.h; sourceTree = "<group>"; };
		CC4401431F02367B00DFAF46 /* GirlInfoViewController.m */ = {isa = PBXFileReference; fileEncoding = 4; lastKnownFileType = sourcecode.c.objc; path = GirlInfoViewController.m; sourceTree = "<group>"; };
		CC4401461F02463600DFAF46 /* UIButton+ImageTitleStyle.h */ = {isa = PBXFileReference; fileEncoding = 4; lastKnownFileType = sourcecode.c.h; name = "UIButton+ImageTitleStyle.h"; path = "MeiZi/Classes/Tools/UIButton+ImageTitleStyle.h"; sourceTree = SOURCE_ROOT; };
		CC4401471F02463600DFAF46 /* UIButton+ImageTitleStyle.m */ = {isa = PBXFileReference; fileEncoding = 4; lastKnownFileType = sourcecode.c.objc; name = "UIButton+ImageTitleStyle.m"; path = "MeiZi/Classes/Tools/UIButton+ImageTitleStyle.m"; sourceTree = SOURCE_ROOT; };
		CC6281171F0204D000F31933 /* MeiZi.app */ = {isa = PBXFileReference; explicitFileType = wrapper.application; includeInIndex = 0; path = MeiZi.app; sourceTree = BUILT_PRODUCTS_DIR; };
		CC62811B1F0204D100F31933 /* main.m */ = {isa = PBXFileReference; lastKnownFileType = sourcecode.c.objc; path = main.m; sourceTree = "<group>"; };
		CC6281241F0204D100F31933 /* Base */ = {isa = PBXFileReference; lastKnownFileType = file.storyboard; name = Base; path = Base.lproj/Main.storyboard; sourceTree = "<group>"; };
		CC6281261F0204D100F31933 /* Assets.xcassets */ = {isa = PBXFileReference; lastKnownFileType = folder.assetcatalog; path = Assets.xcassets; sourceTree = "<group>"; };
		CC6281291F0204D100F31933 /* Base */ = {isa = PBXFileReference; lastKnownFileType = file.storyboard; name = Base; path = Base.lproj/LaunchScreen.storyboard; sourceTree = "<group>"; };
		CC62812B1F0204D100F31933 /* Info.plist */ = {isa = PBXFileReference; lastKnownFileType = text.plist.xml; path = Info.plist; sourceTree = "<group>"; };
		CC6281301F0204D100F31933 /* MeiZiTests.xctest */ = {isa = PBXFileReference; explicitFileType = wrapper.cfbundle; includeInIndex = 0; path = MeiZiTests.xctest; sourceTree = BUILT_PRODUCTS_DIR; };
		CC6281341F0204D100F31933 /* MeiZiTests.m */ = {isa = PBXFileReference; lastKnownFileType = sourcecode.c.objc; path = MeiZiTests.m; sourceTree = "<group>"; };
		CC6281361F0204D100F31933 /* Info.plist */ = {isa = PBXFileReference; lastKnownFileType = text.plist.xml; path = Info.plist; sourceTree = "<group>"; };
		CC62813B1F0204D100F31933 /* MeiZiUITests.xctest */ = {isa = PBXFileReference; explicitFileType = wrapper.cfbundle; includeInIndex = 0; path = MeiZiUITests.xctest; sourceTree = BUILT_PRODUCTS_DIR; };
		CC62813F1F0204D100F31933 /* MeiZiUITests.m */ = {isa = PBXFileReference; lastKnownFileType = sourcecode.c.objc; path = MeiZiUITests.m; sourceTree = "<group>"; };
		CC6281411F0204D100F31933 /* Info.plist */ = {isa = PBXFileReference; lastKnownFileType = text.plist.xml; path = Info.plist; sourceTree = "<group>"; };
		CC6281531F02056800F31933 /* AppDelegate.h */ = {isa = PBXFileReference; fileEncoding = 4; lastKnownFileType = sourcecode.c.h; path = AppDelegate.h; sourceTree = "<group>"; };
		CC6281541F02056800F31933 /* AppDelegate.m */ = {isa = PBXFileReference; fileEncoding = 4; lastKnownFileType = sourcecode.c.objc; path = AppDelegate.m; sourceTree = "<group>"; };
		CC6281561F0205AC00F31933 /* AFNetHelper.h */ = {isa = PBXFileReference; fileEncoding = 4; lastKnownFileType = sourcecode.c.h; path = AFNetHelper.h; sourceTree = "<group>"; };
		CC6281571F0205AC00F31933 /* AFNetHelper.m */ = {isa = PBXFileReference; fileEncoding = 4; lastKnownFileType = sourcecode.c.objc; path = AFNetHelper.m; sourceTree = "<group>"; };
		CC6281581F0205AC00F31933 /* Controller.plist */ = {isa = PBXFileReference; fileEncoding = 4; lastKnownFileType = text.plist.xml; path = Controller.plist; sourceTree = "<group>"; };
		CC6281591F0205AC00F31933 /* PreHeader.pch */ = {isa = PBXFileReference; fileEncoding = 4; lastKnownFileType = sourcecode.c.h; path = PreHeader.pch; sourceTree = "<group>"; };
		CC62815A1F0205AC00F31933 /* RootViewController.h */ = {isa = PBXFileReference; fileEncoding = 4; lastKnownFileType = sourcecode.c.h; path = RootViewController.h; sourceTree = "<group>"; };
		CC62815B1F0205AC00F31933 /* RootViewController.m */ = {isa = PBXFileReference; fileEncoding = 4; lastKnownFileType = sourcecode.c.objc; path = RootViewController.m; sourceTree = "<group>"; };
		CC62815F1F02069100F31933 /* BaseViewController.h */ = {isa = PBXFileReference; fileEncoding = 4; lastKnownFileType = sourcecode.c.h; path = BaseViewController.h; sourceTree = "<group>"; };
		CC6281601F02069100F31933 /* BaseViewController.m */ = {isa = PBXFileReference; fileEncoding = 4; lastKnownFileType = sourcecode.c.objc; path = BaseViewController.m; sourceTree = "<group>"; };
		CC6281621F0206A800F31933 /* HomeViewController.h */ = {isa = PBXFileReference; fileEncoding = 4; lastKnownFileType = sourcecode.c.h; path = HomeViewController.h; sourceTree = "<group>"; };
		CC6281631F0206A800F31933 /* HomeViewController.m */ = {isa = PBXFileReference; fileEncoding = 4; lastKnownFileType = sourcecode.c.objc; path = HomeViewController.m; sourceTree = "<group>"; };
		CC6281651F0206BD00F31933 /* ClassifyViewController.h */ = {isa = PBXFileReference; fileEncoding = 4; lastKnownFileType = sourcecode.c.h; path = ClassifyViewController.h; sourceTree = "<group>"; };
		CC6281661F0206BD00F31933 /* ClassifyViewController.m */ = {isa = PBXFileReference; fileEncoding = 4; lastKnownFileType = sourcecode.c.objc; path = ClassifyViewController.m; sourceTree = "<group>"; };
		CC6281681F0206CD00F31933 /* MyViewController.h */ = {isa = PBXFileReference; fileEncoding = 4; lastKnownFileType = sourcecode.c.h; path = MyViewController.h; sourceTree = "<group>"; };
		CC6281691F0206CD00F31933 /* MyViewController.m */ = {isa = PBXFileReference; fileEncoding = 4; lastKnownFileType = sourcecode.c.objc; path = MyViewController.m; sourceTree = "<group>"; };
		CC62816B1F02081800F31933 /* API.h */ = {isa = PBXFileReference; lastKnownFileType = sourcecode.c.h; path = API.h; sourceTree = "<group>"; };
		CC62816F1F020AAF00F31933 /* BaseModel.h */ = {isa = PBXFileReference; fileEncoding = 4; lastKnownFileType = sourcecode.c.h; path = BaseModel.h; sourceTree = "<group>"; };
		CC6281701F020AAF00F31933 /* BaseModel.m */ = {isa = PBXFileReference; fileEncoding = 4; lastKnownFileType = sourcecode.c.objc; path = BaseModel.m; sourceTree = "<group>"; };
		CC6281721F020AC500F31933 /* HomeModel.h */ = {isa = PBXFileReference; fileEncoding = 4; lastKnownFileType = sourcecode.c.h; path = HomeModel.h; sourceTree = "<group>"; };
		CC6281731F020AC500F31933 /* HomeModel.m */ = {isa = PBXFileReference; fileEncoding = 4; lastKnownFileType = sourcecode.c.objc; path = HomeModel.m; sourceTree = "<group>"; };
		CC6281751F022CF800F31933 /* HomeCell.h */ = {isa = PBXFileReference; fileEncoding = 4; lastKnownFileType = sourcecode.c.h; path = HomeCell.h; sourceTree = "<group>"; };
		CC6281761F022CF800F31933 /* HomeCell.m */ = {isa = PBXFileReference; fileEncoding = 4; lastKnownFileType = sourcecode.c.objc; path = HomeCell.m; sourceTree = "<group>"; };
		CC6281771F022CF800F31933 /* HomeCell.xib */ = {isa = PBXFileReference; fileEncoding = 4; lastKnownFileType = file.xib; path = HomeCell.xib; sourceTree = "<group>"; };
		CC7E1B4D1F03501800B1B155 /* LSGraintCircleLayer.h */ = {isa = PBXFileReference; fileEncoding = 4; lastKnownFileType = sourcecode.c.h; path = LSGraintCircleLayer.h; sourceTree = "<group>"; };
		CC7E1B4E1F03501800B1B155 /* LSGraintCircleLayer.m */ = {isa = PBXFileReference; fileEncoding = 4; lastKnownFileType = sourcecode.c.objc; path = LSGraintCircleLayer.m; sourceTree = "<group>"; };
		CC7E1B4F1F03501800B1B155 /* LSProgressHUD.h */ = {isa = PBXFileReference; fileEncoding = 4; lastKnownFileType = sourcecode.c.h; path = LSProgressHUD.h; sourceTree = "<group>"; };
		CC7E1B501F03501800B1B155 /* LSProgressHUD.m */ = {isa = PBXFileReference; fileEncoding = 4; lastKnownFileType = sourcecode.c.objc; path = LSProgressHUD.m; sourceTree = "<group>"; };
/* End PBXFileReference section */

/* Begin PBXFrameworksBuildPhase section */
		CC6281141F0204D000F31933 /* Frameworks */ = {
			isa = PBXFrameworksBuildPhase;
			buildActionMask = 2147483647;
			files = (
				CCB843FAD0609348A02C36E8 /* libPods-MeiZi.a in Frameworks */,
			);
			runOnlyForDeploymentPostprocessing = 0;
		};
		CC62812D1F0204D100F31933 /* Frameworks */ = {
			isa = PBXFrameworksBuildPhase;
			buildActionMask = 2147483647;
			files = (
			);
			runOnlyForDeploymentPostprocessing = 0;
		};
		CC6281381F0204D100F31933 /* Frameworks */ = {
			isa = PBXFrameworksBuildPhase;
			buildActionMask = 2147483647;
			files = (
			);
			runOnlyForDeploymentPostprocessing = 0;
		};
/* End PBXFrameworksBuildPhase section */

/* Begin PBXGroup section */
		286102DE1676E79934DFB1C1 /* Frameworks */ = {
			isa = PBXGroup;
			children = (
				47E2615D75DE178E41A172BA /* libPods-MeiZi.a */,
			);
			name = Frameworks;
			sourceTree = "<group>";
		};
		5A906922A0716B0531FDECEB /* Pods */ = {
			isa = PBXGroup;
			children = (
				3E291A2155DDBEC062090989 /* Pods-MeiZi.debug.xcconfig */,
				35D955891450D41B417BD729 /* Pods-MeiZi.release.xcconfig */,
			);
			name = Pods;
			sourceTree = "<group>";
		};
		CC4401451F02461700DFAF46 /* Tools */ = {
			isa = PBXGroup;
			children = (
				CC7E1B531F03568800B1B155 /* CustomTagView */,
				CC7E1B541F03568800B1B155 /* UIButton */,
				CC7E1B4C1F03501800B1B155 /* LSProgressHUD */,
			);
			path = Tools;
			sourceTree = "<group>";
		};
		CC62810E1F0204D000F31933 = {
			isa = PBXGroup;
			children = (
				CC6281191F0204D000F31933 /* MeiZi */,
				CC6281331F0204D100F31933 /* MeiZiTests */,
				CC62813E1F0204D100F31933 /* MeiZiUITests */,
				CC6281181F0204D000F31933 /* Products */,
				5A906922A0716B0531FDECEB /* Pods */,
				286102DE1676E79934DFB1C1 /* Frameworks */,
			);
			sourceTree = "<group>";
		};
		CC6281181F0204D000F31933 /* Products */ = {
			isa = PBXGroup;
			children = (
				CC6281171F0204D000F31933 /* MeiZi.app */,
				CC6281301F0204D100F31933 /* MeiZiTests.xctest */,
				CC62813B1F0204D100F31933 /* MeiZiUITests.xctest */,
			);
			name = Products;
			sourceTree = "<group>";
		};
		CC6281191F0204D000F31933 /* MeiZi */ = {
			isa = PBXGroup;
			children = (
				CC62814D1F02056800F31933 /* Classes */,
				CC62811A1F0204D000F31933 /* Supporting Files */,
			);
			path = MeiZi;
			sourceTree = "<group>";
		};
		CC62811A1F0204D000F31933 /* Supporting Files */ = {
			isa = PBXGroup;
			children = (
				CC6281231F0204D100F31933 /* Main.storyboard */,
				CC6281261F0204D100F31933 /* Assets.xcassets */,
				CC6281281F0204D100F31933 /* LaunchScreen.storyboard */,
				CC62812B1F0204D100F31933 /* Info.plist */,
				CC62811B1F0204D100F31933 /* main.m */,
			);
			name = "Supporting Files";
			sourceTree = "<group>";
		};
		CC6281331F0204D100F31933 /* MeiZiTests */ = {
			isa = PBXGroup;
			children = (
				CC6281341F0204D100F31933 /* MeiZiTests.m */,
				CC6281361F0204D100F31933 /* Info.plist */,
			);
			path = MeiZiTests;
			sourceTree = "<group>";
		};
		CC62813E1F0204D100F31933 /* MeiZiUITests */ = {
			isa = PBXGroup;
			children = (
				CC62813F1F0204D100F31933 /* MeiZiUITests.m */,
				CC6281411F0204D100F31933 /* Info.plist */,
			);
			path = MeiZiUITests;
			sourceTree = "<group>";
		};
		CC62814D1F02056800F31933 /* Classes */ = {
			isa = PBXGroup;
			children = (
				CC4401451F02461700DFAF46 /* Tools */,
				CC62814E1F02056800F31933 /* Base */,
				CC62814F1F02056800F31933 /* Classify */,
				CC6281501F02056800F31933 /* Home */,
				CC6281511F02056800F31933 /* My */,
				CC6281521F02056800F31933 /* Other */,
			);
			path = Classes;
			sourceTree = "<group>";
		};
		CC62814E1F02056800F31933 /* Base */ = {
			isa = PBXGroup;
			children = (
				CC62815F1F02069100F31933 /* BaseViewController.h */,
				CC6281601F02069100F31933 /* BaseViewController.m */,
				CC62816F1F020AAF00F31933 /* BaseModel.h */,
				CC6281701F020AAF00F31933 /* BaseModel.m */,
			);
			path = Base;
			sourceTree = "<group>";
		};
		CC62814F1F02056800F31933 /* Classify */ = {
			isa = PBXGroup;
			children = (
				CC6281651F0206BD00F31933 /* ClassifyViewController.h */,
				CC6281661F0206BD00F31933 /* ClassifyViewController.m */,
			);
			path = Classify;
			sourceTree = "<group>";
		};
		CC6281501F02056800F31933 /* Home */ = {
			isa = PBXGroup;
			children = (
				CC62816E1F020A9200F31933 /* Controller */,
				CC62816D1F020A8D00F31933 /* View */,
				CC62816C1F020A8700F31933 /* Model */,
			);
			path = Home;
			sourceTree = "<group>";
		};
		CC6281511F02056800F31933 /* My */ = {
			isa = PBXGroup;
			children = (
				CC6281681F0206CD00F31933 /* MyViewController.h */,
				CC6281691F0206CD00F31933 /* MyViewController.m */,
			);
			path = My;
			sourceTree = "<group>";
		};
		CC6281521F02056800F31933 /* Other */ = {
			isa = PBXGroup;
			children = (
				CC6281561F0205AC00F31933 /* AFNetHelper.h */,
				CC6281571F0205AC00F31933 /* AFNetHelper.m */,
				CC6281581F0205AC00F31933 /* Controller.plist */,
				CC6281591F0205AC00F31933 /* PreHeader.pch */,
				CC62815A1F0205AC00F31933 /* RootViewController.h */,
				CC62815B1F0205AC00F31933 /* RootViewController.m */,
				CC6281531F02056800F31933 /* AppDelegate.h */,
				CC6281541F02056800F31933 /* AppDelegate.m */,
				CC62816B1F02081800F31933 /* API.h */,
			);
			path = Other;
			sourceTree = "<group>";
		};
		CC62816C1F020A8700F31933 /* Model */ = {
			isa = PBXGroup;
			children = (
				CC6281721F020AC500F31933 /* HomeModel.h */,
				CC6281731F020AC500F31933 /* HomeModel.m */,
			);
			name = Model;
			sourceTree = "<group>";
		};
		CC62816D1F020A8D00F31933 /* View */ = {
			isa = PBXGroup;
			children = (
				CC6281751F022CF800F31933 /* HomeCell.h */,
				CC6281761F022CF800F31933 /* HomeCell.m */,
				CC6281771F022CF800F31933 /* HomeCell.xib */,
			);
			name = View;
			sourceTree = "<group>";
		};
		CC62816E1F020A9200F31933 /* Controller */ = {
			isa = PBXGroup;
			children = (
				CC6281621F0206A800F31933 /* HomeViewController.h */,
				CC6281631F0206A800F31933 /* HomeViewController.m */,
				CC4401421F02367B00DFAF46 /* GirlInfoViewController.h */,
				CC4401431F02367B00DFAF46 /* GirlInfoViewController.m */,
			);
			name = Controller;
			sourceTree = "<group>";
		};
		CC7E1B4C1F03501800B1B155 /* LSProgressHUD */ = {
			isa = PBXGroup;
			children = (
				CC7E1B4D1F03501800B1B155 /* LSGraintCircleLayer.h */,
				CC7E1B4E1F03501800B1B155 /* LSGraintCircleLayer.m */,
				CC7E1B4F1F03501800B1B155 /* LSProgressHUD.h */,
				CC7E1B501F03501800B1B155 /* LSProgressHUD.m */,
			);
			path = LSProgressHUD;
			sourceTree = "<group>";
		};
		CC7E1B531F03568800B1B155 /* CustomTagView */ = {
			isa = PBXGroup;
			children = (
			);
			path = CustomTagView;
			sourceTree = "<group>";
		};
		CC7E1B541F03568800B1B155 /* UIButton */ = {
			isa = PBXGroup;
			children = (
				CC4401461F02463600DFAF46 /* UIButton+ImageTitleStyle.h */,
				CC4401471F02463600DFAF46 /* UIButton+ImageTitleStyle.m */,
			);
			path = UIButton;
			sourceTree = "<group>";
		};
/* End PBXGroup section */

/* Begin PBXNativeTarget section */
		CC6281161F0204D000F31933 /* MeiZi */ = {
			isa = PBXNativeTarget;
			buildConfigurationList = CC6281441F0204D100F31933 /* Build configuration list for PBXNativeTarget "MeiZi" */;
			buildPhases = (
				A3B680DFFF85A9AE9E7C1C4B /* [CP] Check Pods Manifest.lock */,
				CC6281131F0204D000F31933 /* Sources */,
				CC6281141F0204D000F31933 /* Frameworks */,
				CC6281151F0204D000F31933 /* Resources */,
				FBD793ADA22F2DF734F91AC2 /* [CP] Embed Pods Frameworks */,
				1FAD4E1CBA9E0BD9B74AAC35 /* [CP] Copy Pods Resources */,
			);
			buildRules = (
			);
			dependencies = (
			);
			name = MeiZi;
			productName = MeiZi;
			productReference = CC6281171F0204D000F31933 /* MeiZi.app */;
			productType = "com.apple.product-type.application";
		};
		CC62812F1F0204D100F31933 /* MeiZiTests */ = {
			isa = PBXNativeTarget;
			buildConfigurationList = CC6281471F0204D100F31933 /* Build configuration list for PBXNativeTarget "MeiZiTests" */;
			buildPhases = (
				CC62812C1F0204D100F31933 /* Sources */,
				CC62812D1F0204D100F31933 /* Frameworks */,
				CC62812E1F0204D100F31933 /* Resources */,
			);
			buildRules = (
			);
			dependencies = (
				CC6281321F0204D100F31933 /* PBXTargetDependency */,
			);
			name = MeiZiTests;
			productName = MeiZiTests;
			productReference = CC6281301F0204D100F31933 /* MeiZiTests.xctest */;
			productType = "com.apple.product-type.bundle.unit-test";
		};
		CC62813A1F0204D100F31933 /* MeiZiUITests */ = {
			isa = PBXNativeTarget;
			buildConfigurationList = CC62814A1F0204D100F31933 /* Build configuration list for PBXNativeTarget "MeiZiUITests" */;
			buildPhases = (
				CC6281371F0204D100F31933 /* Sources */,
				CC6281381F0204D100F31933 /* Frameworks */,
				CC6281391F0204D100F31933 /* Resources */,
			);
			buildRules = (
			);
			dependencies = (
				CC62813D1F0204D100F31933 /* PBXTargetDependency */,
			);
			name = MeiZiUITests;
			productName = MeiZiUITests;
			productReference = CC62813B1F0204D100F31933 /* MeiZiUITests.xctest */;
			productType = "com.apple.product-type.bundle.ui-testing";
		};
/* End PBXNativeTarget section */

/* Begin PBXProject section */
		CC62810F1F0204D000F31933 /* Project object */ = {
			isa = PBXProject;
			attributes = {
				LastUpgradeCheck = 0830;
				ORGANIZATIONNAME = afarsoft;
				TargetAttributes = {
					CC6281161F0204D000F31933 = {
						CreatedOnToolsVersion = 8.3.3;
						DevelopmentTeam = Q3A9R265EU;
						ProvisioningStyle = Automatic;
					};
					CC62812F1F0204D100F31933 = {
						CreatedOnToolsVersion = 8.3.3;
						ProvisioningStyle = Automatic;
						TestTargetID = CC6281161F0204D000F31933;
					};
					CC62813A1F0204D100F31933 = {
						CreatedOnToolsVersion = 8.3.3;
						ProvisioningStyle = Automatic;
						TestTargetID = CC6281161F0204D000F31933;
					};
				};
			};
			buildConfigurationList = CC6281121F0204D000F31933 /* Build configuration list for PBXProject "MeiZi" */;
			compatibilityVersion = "Xcode 3.2";
			developmentRegion = English;
			hasScannedForEncodings = 0;
			knownRegions = (
				en,
				Base,
			);
			mainGroup = CC62810E1F0204D000F31933;
			productRefGroup = CC6281181F0204D000F31933 /* Products */;
			projectDirPath = "";
			projectRoot = "";
			targets = (
				CC6281161F0204D000F31933 /* MeiZi */,
				CC62812F1F0204D100F31933 /* MeiZiTests */,
				CC62813A1F0204D100F31933 /* MeiZiUITests */,
			);
		};
/* End PBXProject section */

/* Begin PBXResourcesBuildPhase section */
		CC6281151F0204D000F31933 /* Resources */ = {
			isa = PBXResourcesBuildPhase;
			buildActionMask = 2147483647;
			files = (
				CC62812A1F0204D100F31933 /* LaunchScreen.storyboard in Resources */,
				CC6281271F0204D100F31933 /* Assets.xcassets in Resources */,
				CC62815D1F0205AC00F31933 /* Controller.plist in Resources */,
				CC6281251F0204D100F31933 /* Main.storyboard in Resources */,
				CC6281791F022CF800F31933 /* HomeCell.xib in Resources */,
			);
			runOnlyForDeploymentPostprocessing = 0;
		};
		CC62812E1F0204D100F31933 /* Resources */ = {
			isa = PBXResourcesBuildPhase;
			buildActionMask = 2147483647;
			files = (
			);
			runOnlyForDeploymentPostprocessing = 0;
		};
		CC6281391F0204D100F31933 /* Resources */ = {
			isa = PBXResourcesBuildPhase;
			buildActionMask = 2147483647;
			files = (
			);
			runOnlyForDeploymentPostprocessing = 0;
		};
/* End PBXResourcesBuildPhase section */

/* Begin PBXShellScriptBuildPhase section */
		1FAD4E1CBA9E0BD9B74AAC35 /* [CP] Copy Pods Resources */ = {
			isa = PBXShellScriptBuildPhase;
			buildActionMask = 2147483647;
			files = (
			);
			inputPaths = (
			);
			name = "[CP] Copy Pods Resources";
			outputPaths = (
			);
			runOnlyForDeploymentPostprocessing = 0;
			shellPath = /bin/sh;
			shellScript = "\"${SRCROOT}/Pods/Target Support Files/Pods-MeiZi/Pods-MeiZi-resources.sh\"\n";
			showEnvVarsInLog = 0;
		};
		A3B680DFFF85A9AE9E7C1C4B /* [CP] Check Pods Manifest.lock */ = {
			isa = PBXShellScriptBuildPhase;
			buildActionMask = 2147483647;
			files = (
			);
			inputPaths = (
			);
			name = "[CP] Check Pods Manifest.lock";
			outputPaths = (
			);
			runOnlyForDeploymentPostprocessing = 0;
			shellPath = /bin/sh;
			shellScript = "diff \"${PODS_PODFILE_DIR_PATH}/Podfile.lock\" \"${PODS_ROOT}/Manifest.lock\" > /dev/null\nif [ $? != 0 ] ; then\n    # print error to STDERR\n    echo \"error: The sandbox is not in sync with the Podfile.lock. Run 'pod install' or update your CocoaPods installation.\" >&2\n    exit 1\nfi\n";
			showEnvVarsInLog = 0;
		};
		FBD793ADA22F2DF734F91AC2 /* [CP] Embed Pods Frameworks */ = {
			isa = PBXShellScriptBuildPhase;
			buildActionMask = 2147483647;
			files = (
			);
			inputPaths = (
			);
			name = "[CP] Embed Pods Frameworks";
			outputPaths = (
			);
			runOnlyForDeploymentPostprocessing = 0;
			shellPath = /bin/sh;
			shellScript = "\"${SRCROOT}/Pods/Target Support Files/Pods-MeiZi/Pods-MeiZi-frameworks.sh\"\n";
			showEnvVarsInLog = 0;
		};
/* End PBXShellScriptBuildPhase section */

/* Begin PBXSourcesBuildPhase section */
		CC6281131F0204D000F31933 /* Sources */ = {
			isa = PBXSourcesBuildPhase;
			buildActionMask = 2147483647;
			files = (
				CC4401441F02367B00DFAF46 /* GirlInfoViewController.m in Sources */,
				CC6281741F020AC500F31933 /* HomeModel.m in Sources */,
				CC6281711F020AAF00F31933 /* BaseModel.m in Sources */,
				CC6281781F022CF800F31933 /* HomeCell.m in Sources */,
				CC6281551F02056800F31933 /* AppDelegate.m in Sources */,
				CC7E1B511F03501800B1B155 /* LSGraintCircleLayer.m in Sources */,
				CC7E1B521F03501800B1B155 /* LSProgressHUD.m in Sources */,
				CC6281611F02069100F31933 /* BaseViewController.m in Sources */,
				CC62816A1F0206CD00F31933 /* MyViewController.m in Sources */,
				CC4401481F02463600DFAF46 /* UIButton+ImageTitleStyle.m in Sources */,
				CC62815C1F0205AC00F31933 /* AFNetHelper.m in Sources */,
				CC62815E1F0205AC00F31933 /* RootViewController.m in Sources */,
				CC6281671F0206BD00F31933 /* ClassifyViewController.m in Sources */,
				CC62811C1F0204D100F31933 /* main.m in Sources */,
				CC6281641F0206A800F31933 /* HomeViewController.m in Sources */,
			);
			runOnlyForDeploymentPostprocessing = 0;
		};
		CC62812C1F0204D100F31933 /* Sources */ = {
			isa = PBXSourcesBuildPhase;
			buildActionMask = 2147483647;
			files = (
				CC6281351F0204D100F31933 /* MeiZiTests.m in Sources */,
			);
			runOnlyForDeploymentPostprocessing = 0;
		};
		CC6281371F0204D100F31933 /* Sources */ = {
			isa = PBXSourcesBuildPhase;
			buildActionMask = 2147483647;
			files = (
				CC6281401F0204D100F31933 /* MeiZiUITests.m in Sources */,
			);
			runOnlyForDeploymentPostprocessing = 0;
		};
/* End PBXSourcesBuildPhase section */

/* Begin PBXTargetDependency section */
		CC6281321F0204D100F31933 /* PBXTargetDependency */ = {
			isa = PBXTargetDependency;
			target = CC6281161F0204D000F31933 /* MeiZi */;
			targetProxy = CC6281311F0204D100F31933 /* PBXContainerItemProxy */;
		};
		CC62813D1F0204D100F31933 /* PBXTargetDependency */ = {
			isa = PBXTargetDependency;
			target = CC6281161F0204D000F31933 /* MeiZi */;
			targetProxy = CC62813C1F0204D100F31933 /* PBXContainerItemProxy */;
		};
/* End PBXTargetDependency section */

/* Begin PBXVariantGroup section */
		CC6281231F0204D100F31933 /* Main.storyboard */ = {
			isa = PBXVariantGroup;
			children = (
				CC6281241F0204D100F31933 /* Base */,
			);
			name = Main.storyboard;
			sourceTree = "<group>";
		};
		CC6281281F0204D100F31933 /* LaunchScreen.storyboard */ = {
			isa = PBXVariantGroup;
			children = (
				CC6281291F0204D100F31933 /* Base */,
			);
			name = LaunchScreen.storyboard;
			sourceTree = "<group>";
		};
/* End PBXVariantGroup section */

/* Begin XCBuildConfiguration section */
		CC6281421F0204D100F31933 /* Debug */ = {
			isa = XCBuildConfiguration;
			buildSettings = {
				ALWAYS_SEARCH_USER_PATHS = NO;
				CLANG_ANALYZER_NONNULL = YES;
				CLANG_ANALYZER_NUMBER_OBJECT_CONVERSION = YES_AGGRESSIVE;
				CLANG_CXX_LANGUAGE_STANDARD = "gnu++0x";
				CLANG_CXX_LIBRARY = "libc++";
				CLANG_ENABLE_MODULES = YES;
				CLANG_ENABLE_OBJC_ARC = YES;
				CLANG_WARN_BOOL_CONVERSION = YES;
				CLANG_WARN_CONSTANT_CONVERSION = YES;
				CLANG_WARN_DIRECT_OBJC_ISA_USAGE = YES_ERROR;
				CLANG_WARN_DOCUMENTATION_COMMENTS = YES;
				CLANG_WARN_EMPTY_BODY = YES;
				CLANG_WARN_ENUM_CONVERSION = YES;
				CLANG_WARN_INFINITE_RECURSION = YES;
				CLANG_WARN_INT_CONVERSION = YES;
				CLANG_WARN_OBJC_ROOT_CLASS = YES_ERROR;
				CLANG_WARN_SUSPICIOUS_MOVE = YES;
				CLANG_WARN_UNREACHABLE_CODE = YES;
				CLANG_WARN__DUPLICATE_METHOD_MATCH = YES;
				"CODE_SIGN_IDENTITY[sdk=iphoneos*]" = "iPhone Developer";
				COPY_PHASE_STRIP = NO;
				DEBUG_INFORMATION_FORMAT = dwarf;
				ENABLE_STRICT_OBJC_MSGSEND = YES;
				ENABLE_TESTABILITY = YES;
				GCC_C_LANGUAGE_STANDARD = gnu99;
				GCC_DYNAMIC_NO_PIC = NO;
				GCC_NO_COMMON_BLOCKS = YES;
				GCC_OPTIMIZATION_LEVEL = 0;
				GCC_PREPROCESSOR_DEFINITIONS = (
					"DEBUG=1",
					"$(inherited)",
				);
				GCC_WARN_64_TO_32_BIT_CONVERSION = YES;
				GCC_WARN_ABOUT_RETURN_TYPE = YES_ERROR;
				GCC_WARN_UNDECLARED_SELECTOR = YES;
				GCC_WARN_UNINITIALIZED_AUTOS = YES_AGGRESSIVE;
				GCC_WARN_UNUSED_FUNCTION = YES;
				GCC_WARN_UNUSED_VARIABLE = YES;
				IPHONEOS_DEPLOYMENT_TARGET = 10.3;
				MTL_ENABLE_DEBUG_INFO = YES;
				ONLY_ACTIVE_ARCH = YES;
				SDKROOT = iphoneos;
			};
			name = Debug;
		};
		CC6281431F0204D100F31933 /* Release */ = {
			isa = XCBuildConfiguration;
			buildSettings = {
				ALWAYS_SEARCH_USER_PATHS = NO;
				CLANG_ANALYZER_NONNULL = YES;
				CLANG_ANALYZER_NUMBER_OBJECT_CONVERSION = YES_AGGRESSIVE;
				CLANG_CXX_LANGUAGE_STANDARD = "gnu++0x";
				CLANG_CXX_LIBRARY = "libc++";
				CLANG_ENABLE_MODULES = YES;
				CLANG_ENABLE_OBJC_ARC = YES;
				CLANG_WARN_BOOL_CONVERSION = YES;
				CLANG_WARN_CONSTANT_CONVERSION = YES;
				CLANG_WARN_DIRECT_OBJC_ISA_USAGE = YES_ERROR;
				CLANG_WARN_DOCUMENTATION_COMMENTS = YES;
				CLANG_WARN_EMPTY_BODY = YES;
				CLANG_WARN_ENUM_CONVERSION = YES;
				CLANG_WARN_INFINITE_RECURSION = YES;
				CLANG_WARN_INT_CONVERSION = YES;
				CLANG_WARN_OBJC_ROOT_CLASS = YES_ERROR;
				CLANG_WARN_SUSPICIOUS_MOVE = YES;
				CLANG_WARN_UNREACHABLE_CODE = YES;
				CLANG_WARN__DUPLICATE_METHOD_MATCH = YES;
				"CODE_SIGN_IDENTITY[sdk=iphoneos*]" = "iPhone Developer";
				COPY_PHASE_STRIP = NO;
				DEBUG_INFORMATION_FORMAT = "dwarf-with-dsym";
				ENABLE_NS_ASSERTIONS = NO;
				ENABLE_STRICT_OBJC_MSGSEND = YES;
				GCC_C_LANGUAGE_STANDARD = gnu99;
				GCC_NO_COMMON_BLOCKS = YES;
				GCC_WARN_64_TO_32_BIT_CONVERSION = YES;
				GCC_WARN_ABOUT_RETURN_TYPE = YES_ERROR;
				GCC_WARN_UNDECLARED_SELECTOR = YES;
				GCC_WARN_UNINITIALIZED_AUTOS = YES_AGGRESSIVE;
				GCC_WARN_UNUSED_FUNCTION = YES;
				GCC_WARN_UNUSED_VARIABLE = YES;
				IPHONEOS_DEPLOYMENT_TARGET = 10.3;
				MTL_ENABLE_DEBUG_INFO = NO;
				SDKROOT = iphoneos;
				VALIDATE_PRODUCT = YES;
			};
			name = Release;
		};
		CC6281451F0204D100F31933 /* Debug */ = {
			isa = XCBuildConfiguration;
			baseConfigurationReference = 3E291A2155DDBEC062090989 /* Pods-MeiZi.debug.xcconfig */;
			buildSettings = {
				ASSETCATALOG_COMPILER_APPICON_NAME = AppIcon;
				DEVELOPMENT_TEAM = Q3A9R265EU;
				GCC_PREFIX_HEADER = "$(SRCROOT)/$(PROJECT_NAME)/Classes/Other/PreHeader.pch";
				INFOPLIST_FILE = MeiZi/Info.plist;
				LD_RUNPATH_SEARCH_PATHS = "$(inherited) @executable_path/Frameworks";
				PRODUCT_BUNDLE_IDENTIFIER = CW.MeiZi;
				PRODUCT_NAME = "$(TARGET_NAME)";
			};
			name = Debug;
		};
		CC6281461F0204D100F31933 /* Release */ = {
			isa = XCBuildConfiguration;
			baseConfigurationReference = 35D955891450D41B417BD729 /* Pods-MeiZi.release.xcconfig */;
			buildSettings = {
				ASSETCATALOG_COMPILER_APPICON_NAME = AppIcon;
				DEVELOPMENT_TEAM = Q3A9R265EU;
				GCC_PREFIX_HEADER = "$(SRCROOT)/$(PROJECT_NAME)/Classes/Other/PreHeader.pch";
				INFOPLIST_FILE = MeiZi/Info.plist;
				LD_RUNPATH_SEARCH_PATHS = "$(inherited) @executable_path/Frameworks";
				PRODUCT_BUNDLE_IDENTIFIER = CW.MeiZi;
				PRODUCT_NAME = "$(TARGET_NAME)";
			};
			name = Release;
		};
		CC6281481F0204D100F31933 /* Debug */ = {
			isa = XCBuildConfiguration;
			buildSettings = {
				BUNDLE_LOADER = "$(TEST_HOST)";
				INFOPLIST_FILE = MeiZiTests/Info.plist;
				LD_RUNPATH_SEARCH_PATHS = "$(inherited) @executable_path/Frameworks @loader_path/Frameworks";
				PRODUCT_BUNDLE_IDENTIFIER = CW.MeiZiTests;
				PRODUCT_NAME = "$(TARGET_NAME)";
				TEST_HOST = "$(BUILT_PRODUCTS_DIR)/MeiZi.app/MeiZi";
			};
			name = Debug;
		};
		CC6281491F0204D100F31933 /* Release */ = {
			isa = XCBuildConfiguration;
			buildSettings = {
				BUNDLE_LOADER = "$(TEST_HOST)";
				INFOPLIST_FILE = MeiZiTests/Info.plist;
				LD_RUNPATH_SEARCH_PATHS = "$(inherited) @executable_path/Frameworks @loader_path/Frameworks";
				PRODUCT_BUNDLE_IDENTIFIER = CW.MeiZiTests;
				PRODUCT_NAME = "$(TARGET_NAME)";
				TEST_HOST = "$(BUILT_PRODUCTS_DIR)/MeiZi.app/MeiZi";
			};
			name = Release;
		};
		CC62814B1F0204D100F31933 /* Debug */ = {
			isa = XCBuildConfiguration;
			buildSettings = {
				INFOPLIST_FILE = MeiZiUITests/Info.plist;
				LD_RUNPATH_SEARCH_PATHS = "$(inherited) @executable_path/Frameworks @loader_path/Frameworks";
				PRODUCT_BUNDLE_IDENTIFIER = CW.MeiZiUITests;
				PRODUCT_NAME = "$(TARGET_NAME)";
				TEST_TARGET_NAME = MeiZi;
			};
			name = Debug;
		};
		CC62814C1F0204D100F31933 /* Release */ = {
			isa = XCBuildConfiguration;
			buildSettings = {
				INFOPLIST_FILE = MeiZiUITests/Info.plist;
				LD_RUNPATH_SEARCH_PATHS = "$(inherited) @executable_path/Frameworks @loader_path/Frameworks";
				PRODUCT_BUNDLE_IDENTIFIER = CW.MeiZiUITests;
				PRODUCT_NAME = "$(TARGET_NAME)";
				TEST_TARGET_NAME = MeiZi;
			};
			name = Release;
		};
/* End XCBuildConfiguration section */

/* Begin XCConfigurationList section */
		CC6281121F0204D000F31933 /* Build configuration list for PBXProject "MeiZi" */ = {
			isa = XCConfigurationList;
			buildConfigurations = (
				CC6281421F0204D100F31933 /* Debug */,
				CC6281431F0204D100F31933 /* Release */,
			);
			defaultConfigurationIsVisible = 0;
			defaultConfigurationName = Release;
		};
		CC6281441F0204D100F31933 /* Build configuration list for PBXNativeTarget "MeiZi" */ = {
			isa = XCConfigurationList;
			buildConfigurations = (
				CC6281451F0204D100F31933 /* Debug */,
				CC6281461F0204D100F31933 /* Release */,
			);
			defaultConfigurationIsVisible = 0;
			defaultConfigurationName = Release;
		};
		CC6281471F0204D100F31933 /* Build configuration list for PBXNativeTarget "MeiZiTests" */ = {
			isa = XCConfigurationList;
			buildConfigurations = (
				CC6281481F0204D100F31933 /* Debug */,
				CC6281491F0204D100F31933 /* Release */,
			);
			defaultConfigurationIsVisible = 0;
			defaultConfigurationName = Release;
		};
		CC62814A1F0204D100F31933 /* Build configuration list for PBXNativeTarget "MeiZiUITests" */ = {
			isa = XCConfigurationList;
			buildConfigurations = (
				CC62814B1F0204D100F31933 /* Debug */,
				CC62814C1F0204D100F31933 /* Release */,
			);
			defaultConfigurationIsVisible = 0;
			defaultConfigurationName = Release;
		};
/* End XCConfigurationList section */
	};
	rootObject = CC62810F1F0204D000F31933 /* Project object */;
}
